
Microsoft Visual Studio Solution File, Format Version 12.00
# Visual Studio 2012
Project("{FAE04EC0-301F-11D3-BF4B-00C04F79EFBC}") = "WebSocketsServer", "WebSocketsServer\WebSocketsServer.csproj", "{48355CD2-ECAA-43F0-B658-3C1352EBF41D}"
EndProject
Global
	GlobalSection(SolutionConfigurationPlatforms) = preSolution
		Debug|Any CPU = Debug|Any CPU
		Release|Any CPU = Release|Any CPU
	EndGlobalSection
	GlobalSection(ProjectConfigurationPlatforms) = postSolution
		{48355CD2-ECAA-43F0-B658-3C1352EBF41D}.Debug|Any CPU.ActiveCfg = Debug|Any CPU
		{48355CD2-ECAA-43F0-B658-3C1352EBF41D}.Debug|Any CPU.Build.0 = Debug|Any CPU
		{48355CD2-ECAA-43F0-B658-3C1352EBF41D}.Release|Any CPU.ActiveCfg = Release|Any CPU
		{48355CD2-ECAA-43F0-B658-3C1352EBF41D}.Release|Any CPU.Build.0 = Release|Any CPU
	EndGlobalSection
EndGlobal
